
Microsoft Visual Studio Solution File, Format Version 12.00
# Visual Studio Version 16
VisualStudioVersion = 16.0.29418.71
MinimumVisualStudioVersion = 10.0.40219.1
Project("{F184B08F-C81C-45F6-A57F-5ABD9991F28F}") = "separadores-app", "separadores-app.vbproj", "{AB77FFA2-5C32-492B-A32B-B99EF5804E0F}"
EndProject
Global
	GlobalSection(SolutionConfigurationPlatforms) = preSolution
		Debug|Any CPU = Debug|Any CPU
		Release|Any CPU = Release|Any CPU
	EndGlobalSection
	GlobalSection(ProjectConfigurationPlatforms) = postSolution
		{AB77FFA2-5C32-492B-A32B-B99EF5804E0F}.Debug|Any CPU.ActiveCfg = Debug|Any CPU
		{AB77FFA2-5C32-492B-A32B-B99EF5804E0F}.Debug|Any CPU.Build.0 = Debug|Any CPU
		{AB77FFA2-5C32-492B-A32B-B99EF5804E0F}.Release|Any CPU.ActiveCfg = Release|Any CPU
		{AB77FFA2-5C32-492B-A32B-B99EF5804E0F}.Release|Any CPU.Build.0 = Release|Any CPU
	EndGlobalSection
	GlobalSection(SolutionProperties) = preSolution
		HideSolutionNode = FALSE
	EndGlobalSection
	GlobalSection(ExtensibilityGlobals) = postSolution
		SolutionGuid = {D0C340ED-AA12-4E83-A2FD-BD108406D7DD}
	EndGlobalSection
EndGlobal
